
Microsoft Visual Studio Solution File, Format Version 12.00
# Visual Studio 15
VisualStudioVersion = 15.0.28307.539
MinimumVisualStudioVersion = 10.0.40219.1
Project("{FAE04EC0-301F-11D3-BF4B-00C04F79EFBC}") = "BootstrapProject", "BootstrapProject\BootstrapProject.csproj", "{7D89E9E6-CA3E-4267-9FE1-8C50DF6C6535}"
EndProject
Global
	GlobalSection(SolutionConfigurationPlatforms) = preSolution
		Debug|Any CPU = Debug|Any CPU
		Release|Any CPU = Release|Any CPU
	EndGlobalSection
	GlobalSection(ProjectConfigurationPlatforms) = postSolution
		{7D89E9E6-CA3E-4267-9FE1-8C50DF6C6535}.Debug|Any CPU.ActiveCfg = Debug|Any CPU
		{7D89E9E6-CA3E-4267-9FE1-8C50DF6C6535}.Debug|Any CPU.Build.0 = Debug|Any CPU
		{7D89E9E6-CA3E-4267-9FE1-8C50DF6C6535}.Release|Any CPU.ActiveCfg = Release|Any CPU
		{7D89E9E6-CA3E-4267-9FE1-8C50DF6C6535}.Release|Any CPU.Build.0 = Release|Any CPU
	EndGlobalSection
	GlobalSection(SolutionProperties) = preSolution
		HideSolutionNode = FALSE
	EndGlobalSection
	GlobalSection(ExtensibilityGlobals) = postSolution
		SolutionGuid = {931A3276-3E69-4E7A-A061-0A7D6A709C5C}
	EndGlobalSection
EndGlobal
